
Microsoft Visual Studio Solution File, Format Version 12.00
# Visual Studio Version 17
VisualStudioVersion = 17.9.34714.143
MinimumVisualStudioVersion = 10.0.40219.1
Project("{FAE04EC0-301F-11D3-BF4B-00C04F79EFBC}") = "Task Programming", "Task Programming\Task Programming.csproj", "{12679554-6F09-40C8-AFBF-364214AD11AA}"
EndProject
Global
	GlobalSection(SolutionConfigurationPlatforms) = preSolution
		Debug|Any CPU = Debug|Any CPU
		Release|Any CPU = Release|Any CPU
	EndGlobalSection
	GlobalSection(ProjectConfigurationPlatforms) = postSolution
		{12679554-6F09-40C8-AFBF-364214AD11AA}.Debug|Any CPU.ActiveCfg = Debug|Any CPU
		{12679554-6F09-40C8-AFBF-364214AD11AA}.Debug|Any CPU.Build.0 = Debug|Any CPU
		{12679554-6F09-40C8-AFBF-364214AD11AA}.Release|Any CPU.ActiveCfg = Release|Any CPU
		{12679554-6F09-40C8-AFBF-364214AD11AA}.Release|Any CPU.Build.0 = Release|Any CPU
	EndGlobalSection
	GlobalSection(SolutionProperties) = preSolution
		HideSolutionNode = FALSE
	EndGlobalSection
	GlobalSection(ExtensibilityGlobals) = postSolution
		SolutionGuid = {46F6AA32-9145-4642-B306-E3A0E9A2C085}
	EndGlobalSection
EndGlobal
